
Microsoft Visual Studio Solution File, Format Version 12.00
# Visual Studio Version 17
VisualStudioVersion = 17.3.32929.385
MinimumVisualStudioVersion = 10.0.40219.1
Project("{9A19103F-16F7-4668-BE54-9A1E7A4F7556}") = "DataAccess", "DataAccess\DataAccess.csproj", "{165E234E-720E-4F2C-912B-BCE8DC7A59F0}"
EndProject
Project("{FAE04EC0-301F-11D3-BF4B-00C04F79EFBC}") = "mvc", "mvc\mvc.csproj", "{81A476EA-613C-4B99-8682-516454753D7E}"
EndProject
Global
	GlobalSection(SolutionConfigurationPlatforms) = preSolution
		Debug|Any CPU = Debug|Any CPU
		Release|Any CPU = Release|Any CPU
	EndGlobalSection
	GlobalSection(ProjectConfigurationPlatforms) = postSolution
		{165E234E-720E-4F2C-912B-BCE8DC7A59F0}.Debug|Any CPU.ActiveCfg = Debug|Any CPU
		{165E234E-720E-4F2C-912B-BCE8DC7A59F0}.Debug|Any CPU.Build.0 = Debug|Any CPU
		{165E234E-720E-4F2C-912B-BCE8DC7A59F0}.Release|Any CPU.ActiveCfg = Release|Any CPU
		{165E234E-720E-4F2C-912B-BCE8DC7A59F0}.Release|Any CPU.Build.0 = Release|Any CPU
		{81A476EA-613C-4B99-8682-516454753D7E}.Debug|Any CPU.ActiveCfg = Debug|Any CPU
		{81A476EA-613C-4B99-8682-516454753D7E}.Debug|Any CPU.Build.0 = Debug|Any CPU
		{81A476EA-613C-4B99-8682-516454753D7E}.Release|Any CPU.ActiveCfg = Release|Any CPU
		{81A476EA-613C-4B99-8682-516454753D7E}.Release|Any CPU.Build.0 = Release|Any CPU
	EndGlobalSection
	GlobalSection(SolutionProperties) = preSolution
		HideSolutionNode = FALSE
	EndGlobalSection
	GlobalSection(ExtensibilityGlobals) = postSolution
		SolutionGuid = {F2A9587F-6FCA-4007-A375-34D426B81C47}
	EndGlobalSection
EndGlobal
